
Microsoft Visual Studio Solution File, Format Version 12.00
# Visual Studio Version 17
VisualStudioVersion = 17.8.34511.84
MinimumVisualStudioVersion = 10.0.40219.1
Project("{9A19103F-16F7-4668-BE54-9A1E7A4F7556}") = "WebAppDemo", "WebAppDemo.csproj", "{03D7F9D3-CA15-4E00-8A47-85FA6BB9247D}"
EndProject
Global
	GlobalSection(SolutionConfigurationPlatforms) = preSolution
		Debug|Any CPU = Debug|Any CPU
		Release|Any CPU = Release|Any CPU
	EndGlobalSection
	GlobalSection(ProjectConfigurationPlatforms) = postSolution
		{03D7F9D3-CA15-4E00-8A47-85FA6BB9247D}.Debug|Any CPU.ActiveCfg = Debug|Any CPU
		{03D7F9D3-CA15-4E00-8A47-85FA6BB9247D}.Debug|Any CPU.Build.0 = Debug|Any CPU
		{03D7F9D3-CA15-4E00-8A47-85FA6BB9247D}.Release|Any CPU.ActiveCfg = Release|Any CPU
		{03D7F9D3-CA15-4E00-8A47-85FA6BB9247D}.Release|Any CPU.Build.0 = Release|Any CPU
	EndGlobalSection
	GlobalSection(SolutionProperties) = preSolution
		HideSolutionNode = FALSE
	EndGlobalSection
	GlobalSection(ExtensibilityGlobals) = postSolution
		SolutionGuid = {D8B44DAA-AE47-4124-964C-79039A51924C}
	EndGlobalSection
EndGlobal
